
Microsoft Visual Studio Solution File, Format Version 12.00
# Visual Studio 15
VisualStudioVersion = 15.0.28307.329
MinimumVisualStudioVersion = 10.0.40219.1
Project("{FAE04EC0-301F-11D3-BF4B-00C04F79EFBC}") = "ClassicOAuthServer", "ClassicOAuthServer\ClassicOAuthServer.csproj", "{D756C76A-5D64-4AD8-B259-206AA911AB7C}"
EndProject
Global
	GlobalSection(SolutionConfigurationPlatforms) = preSolution
		Debug|Any CPU = Debug|Any CPU
		Release|Any CPU = Release|Any CPU
	EndGlobalSection
	GlobalSection(ProjectConfigurationPlatforms) = postSolution
		{D756C76A-5D64-4AD8-B259-206AA911AB7C}.Debug|Any CPU.ActiveCfg = Debug|Any CPU
		{D756C76A-5D64-4AD8-B259-206AA911AB7C}.Debug|Any CPU.Build.0 = Debug|Any CPU
		{D756C76A-5D64-4AD8-B259-206AA911AB7C}.Release|Any CPU.ActiveCfg = Release|Any CPU
		{D756C76A-5D64-4AD8-B259-206AA911AB7C}.Release|Any CPU.Build.0 = Release|Any CPU
	EndGlobalSection
	GlobalSection(SolutionProperties) = preSolution
		HideSolutionNode = FALSE
	EndGlobalSection
	GlobalSection(ExtensibilityGlobals) = postSolution
		SolutionGuid = {CEFA7C58-E568-4EDE-A3EE-DEA7074C971B}
	EndGlobalSection
EndGlobal
